// !$*UTF8*$!
{
	archiveVersion = 1;
	classes = {
	};
	objectVersion = 50;
	objects = {

/* Begin PBXBuildFile section */
		DD27356523434F5B00607035 /* AppDelegate.swift in Sources */ = {isa = PBXBuildFile; fileRef = DD27356423434F5B00607035 /* AppDelegate.swift */; };
		DD27356C23434F5C00607035 /* Assets.xcassets in Resources */ = {isa = PBXBuildFile; fileRef = DD27356B23434F5C00607035 /* Assets.xcassets */; };
		DD27356F23434F5C00607035 /* LaunchScreen.storyboard in Resources */ = {isa = PBXBuildFile; fileRef = DD27356D23434F5C00607035 /* LaunchScreen.storyboard */; };
		DD2735822343520E00607035 /* NewsCell.swift in Sources */ = {isa = PBXBuildFile; fileRef = DD2735802343520E00607035 /* NewsCell.swift */; };
		DD2735832343520E00607035 /* NewsCell.xib in Resources */ = {isa = PBXBuildFile; fileRef = DD2735812343520E00607035 /* NewsCell.xib */; };
		DD2735862343524800607035 /* NewsListController.swift in Sources */ = {isa = PBXBuildFile; fileRef = DD2735852343524800607035 /* NewsListController.swift */; };
		DD291162234385D0009D56C8 /* NewsNetworkInfo.swift in Sources */ = {isa = PBXBuildFile; fileRef = DD29115D234385D0009D56C8 /* NewsNetworkInfo.swift */; };
		DD291163234385D0009D56C8 /* NetworkAtricle.swift in Sources */ = {isa = PBXBuildFile; fileRef = DD29115E234385D0009D56C8 /* NetworkAtricle.swift */; };
		DD291164234385D0009D56C8 /* ImageType.swift in Sources */ = {isa = PBXBuildFile; fileRef = DD29115F234385D0009D56C8 /* ImageType.swift */; };
		DD291165234385D0009D56C8 /* ApiResponse.swift in Sources */ = {isa = PBXBuildFile; fileRef = DD291160234385D0009D56C8 /* ApiResponse.swift */; };
		DD291166234385D0009D56C8 /* Article.swift in Sources */ = {isa = PBXBuildFile; fileRef = DD291161234385D0009D56C8 /* Article.swift */; };
		DD29116823438601009D56C8 /* AppConstants.swift in Sources */ = {isa = PBXBuildFile; fileRef = DD29116723438601009D56C8 /* AppConstants.swift */; };
		DD291173234393ED009D56C8 /* FormatterExtensions.swift in Sources */ = {isa = PBXBuildFile; fileRef = DD291172234393ED009D56C8 /* FormatterExtensions.swift */; };
		DD29117523439503009D56C8 /* Kingfisher.framework in Frameworks */ = {isa = PBXBuildFile; fileRef = DD29117423439503009D56C8 /* Kingfisher.framework */; };
		DD29117723439540009D56C8 /* AppStrings.swift in Sources */ = {isa = PBXBuildFile; fileRef = DD29117623439540009D56C8 /* AppStrings.swift */; };
		DD32B13B2343840000FC8C6B /* Alamofire.framework in Frameworks */ = {isa = PBXBuildFile; fileRef = DD99875423436EFD009593A1 /* Alamofire.framework */; };
		DD32B13C2343840000FC8C6B /* Moya.framework in Frameworks */ = {isa = PBXBuildFile; fileRef = DD32B139234382E400FC8C6B /* Moya.framework */; };
		DD32B1402343840000FC8C6B /* RxCocoa.framework in Frameworks */ = {isa = PBXBuildFile; fileRef = DDA1B4A923436A13000FF73C /* RxCocoa.framework */; };
		DD32B1422343840000FC8C6B /* RxSwift.framework in Frameworks */ = {isa = PBXBuildFile; fileRef = DDA1B4AB23436A13000FF73C /* RxSwift.framework */; };
		DD32B1492343840000FC8C6B /* RxMoya.framework in Frameworks */ = {isa = PBXBuildFile; fileRef = DD32B1462343840000FC8C6B /* RxMoya.framework */; };
		DD83BFF12343969C0092338A /* NewsListView.swift in Sources */ = {isa = PBXBuildFile; fileRef = DD83BFF02343969C0092338A /* NewsListView.swift */; };
		DD83BFF32343991E0092338A /* UITableViewExtensions.swift in Sources */ = {isa = PBXBuildFile; fileRef = DD83BFF22343991E0092338A /* UITableViewExtensions.swift */; };
		DD83BFF62343999D0092338A /* NibInitializable.swift in Sources */ = {isa = PBXBuildFile; fileRef = DD83BFF52343999D0092338A /* NibInitializable.swift */; };
		DD9987572343748D009593A1 /* NetworkService.swift in Sources */ = {isa = PBXBuildFile; fileRef = DD9987562343748D009593A1 /* NetworkService.swift */; };
		DDB20D0A2344BDAF00A50A76 /* ReduxStore.swift in Sources */ = {isa = PBXBuildFile; fileRef = DDB20D092344BDAF00A50A76 /* ReduxStore.swift */; };
		DDB20D0C2344BDFB00A50A76 /* NewsListStore.swift in Sources */ = {isa = PBXBuildFile; fileRef = DDB20D0B2344BDFB00A50A76 /* NewsListStore.swift */; };
		DDB20D0E2344BE1400A50A76 /* NewsListNameSpace.swift in Sources */ = {isa = PBXBuildFile; fileRef = DDB20D0D2344BE1400A50A76 /* NewsListNameSpace.swift */; };
		DDB20D102344C2DB00A50A76 /* Action.swift in Sources */ = {isa = PBXBuildFile; fileRef = DDB20D0F2344C2DB00A50A76 /* Action.swift */; };
		DDB20D122344C76100A50A76 /* NewsListViewModel.swift in Sources */ = {isa = PBXBuildFile; fileRef = DDB20D112344C76100A50A76 /* NewsListViewModel.swift */; };
		DDB20D142344CA6C00A50A76 /* NewsListProps.swift in Sources */ = {isa = PBXBuildFile; fileRef = DDB20D132344CA6C00A50A76 /* NewsListProps.swift */; };
/* End PBXBuildFile section */

/* Begin PBXFileReference section */
		DD27356123434F5B00607035 /* ReduxTestTask.app */ = {isa = PBXFileReference; explicitFileType = wrapper.application; includeInIndex = 0; path = ReduxTestTask.app; sourceTree = BUILT_PRODUCTS_DIR; };
		DD27356423434F5B00607035 /* AppDelegate.swift */ = {isa = PBXFileReference; lastKnownFileType = sourcecode.swift; path = AppDelegate.swift; sourceTree = "<group>"; };
		DD27356B23434F5C00607035 /* Assets.xcassets */ = {isa = PBXFileReference; lastKnownFileType = folder.assetcatalog; path = Assets.xcassets; sourceTree = "<group>"; };
		DD27356E23434F5C00607035 /* Base */ = {isa = PBXFileReference; lastKnownFileType = file.storyboard; name = Base; path = Base.lproj/LaunchScreen.storyboard; sourceTree = "<group>"; };
		DD27357023434F5C00607035 /* Info.plist */ = {isa = PBXFileReference; lastKnownFileType = text.plist.xml; path = Info.plist; sourceTree = "<group>"; };
		DD2735802343520E00607035 /* NewsCell.swift */ = {isa = PBXFileReference; fileEncoding = 4; lastKnownFileType = sourcecode.swift; path = NewsCell.swift; sourceTree = "<group>"; };
		DD2735812343520E00607035 /* NewsCell.xib */ = {isa = PBXFileReference; fileEncoding = 4; lastKnownFileType = file.xib; path = NewsCell.xib; sourceTree = "<group>"; };
		DD2735852343524800607035 /* NewsListController.swift */ = {isa = PBXFileReference; lastKnownFileType = sourcecode.swift; path = NewsListController.swift; sourceTree = "<group>"; };
		DD29115D234385D0009D56C8 /* NewsNetworkInfo.swift */ = {isa = PBXFileReference; fileEncoding = 4; lastKnownFileType = sourcecode.swift; path = NewsNetworkInfo.swift; sourceTree = "<group>"; };
		DD29115E234385D0009D56C8 /* NetworkAtricle.swift */ = {isa = PBXFileReference; fileEncoding = 4; lastKnownFileType = sourcecode.swift; path = NetworkAtricle.swift; sourceTree = "<group>"; };
		DD29115F234385D0009D56C8 /* ImageType.swift */ = {isa = PBXFileReference; fileEncoding = 4; lastKnownFileType = sourcecode.swift; path = ImageType.swift; sourceTree = "<group>"; };
		DD291160234385D0009D56C8 /* ApiResponse.swift */ = {isa = PBXFileReference; fileEncoding = 4; lastKnownFileType = sourcecode.swift; path = ApiResponse.swift; sourceTree = "<group>"; };
		DD291161234385D0009D56C8 /* Article.swift */ = {isa = PBXFileReference; fileEncoding = 4; lastKnownFileType = sourcecode.swift; path = Article.swift; sourceTree = "<group>"; };
		DD29116723438601009D56C8 /* AppConstants.swift */ = {isa = PBXFileReference; lastKnownFileType = sourcecode.swift; path = AppConstants.swift; sourceTree = "<group>"; };
		DD291172234393ED009D56C8 /* FormatterExtensions.swift */ = {isa = PBXFileReference; lastKnownFileType = sourcecode.swift; path = FormatterExtensions.swift; sourceTree = "<group>"; };
		DD29117423439503009D56C8 /* Kingfisher.framework */ = {isa = PBXFileReference; lastKnownFileType = wrapper.framework; name = Kingfisher.framework; path = Carthage/Build/iOS/Kingfisher.framework; sourceTree = "<group>"; };
		DD29117623439540009D56C8 /* AppStrings.swift */ = {isa = PBXFileReference; lastKnownFileType = sourcecode.swift; path = AppStrings.swift; sourceTree = "<group>"; };
		DD32B1352343798500FC8C6B /* Result.framework */ = {isa = PBXFileReference; lastKnownFileType = wrapper.framework; name = Result.framework; path = Carthage/Build/iOS/Result.framework; sourceTree = "<group>"; };
		DD32B1372343798A00FC8C6B /* ReactiveSwift.framework */ = {isa = PBXFileReference; lastKnownFileType = wrapper.framework; name = ReactiveSwift.framework; path = Carthage/Build/iOS/ReactiveSwift.framework; sourceTree = "<group>"; };
		DD32B139234382E400FC8C6B /* Moya.framework */ = {isa = PBXFileReference; lastKnownFileType = wrapper.framework; name = Moya.framework; path = Carthage/Build/iOS/Moya.framework; sourceTree = "<group>"; };
		DD32B1442343840000FC8C6B /* RxAtomic.framework */ = {isa = PBXFileReference; lastKnownFileType = wrapper.framework; name = RxAtomic.framework; path = Carthage/Build/iOS/RxAtomic.framework; sourceTree = "<group>"; };
		DD32B1452343840000FC8C6B /* ReactiveMoya.framework */ = {isa = PBXFileReference; lastKnownFileType = wrapper.framework; name = ReactiveMoya.framework; path = Carthage/Build/iOS/ReactiveMoya.framework; sourceTree = "<group>"; };
		DD32B1462343840000FC8C6B /* RxMoya.framework */ = {isa = PBXFileReference; lastKnownFileType = wrapper.framework; name = RxMoya.framework; path = Carthage/Build/iOS/RxMoya.framework; sourceTree = "<group>"; };
		DD32B14A234384E400FC8C6B /* XCTest.framework */ = {isa = PBXFileReference; lastKnownFileType = wrapper.framework; name = XCTest.framework; path = Platforms/iPhoneOS.platform/Developer/Library/Frameworks/XCTest.framework; sourceTree = DEVELOPER_DIR; };
		DD83BFF02343969C0092338A /* NewsListView.swift */ = {isa = PBXFileReference; lastKnownFileType = sourcecode.swift; path = NewsListView.swift; sourceTree = "<group>"; };
		DD83BFF22343991E0092338A /* UITableViewExtensions.swift */ = {isa = PBXFileReference; lastKnownFileType = sourcecode.swift; path = UITableViewExtensions.swift; sourceTree = "<group>"; };
		DD83BFF52343999D0092338A /* NibInitializable.swift */ = {isa = PBXFileReference; fileEncoding = 4; lastKnownFileType = sourcecode.swift; path = NibInitializable.swift; sourceTree = "<group>"; };
		DD99875423436EFD009593A1 /* Alamofire.framework */ = {isa = PBXFileReference; lastKnownFileType = wrapper.framework; name = Alamofire.framework; path = Carthage/Build/iOS/Alamofire.framework; sourceTree = "<group>"; };
		DD9987562343748D009593A1 /* NetworkService.swift */ = {isa = PBXFileReference; lastKnownFileType = sourcecode.swift; path = NetworkService.swift; sourceTree = "<group>"; };
		DDA1B4A823436A13000FF73C /* RxRelay.framework */ = {isa = PBXFileReference; lastKnownFileType = wrapper.framework; name = RxRelay.framework; path = Carthage/Build/iOS/RxRelay.framework; sourceTree = "<group>"; };
		DDA1B4A923436A13000FF73C /* RxCocoa.framework */ = {isa = PBXFileReference; lastKnownFileType = wrapper.framework; name = RxCocoa.framework; path = Carthage/Build/iOS/RxCocoa.framework; sourceTree = "<group>"; };
		DDA1B4AA23436A13000FF73C /* RxBlocking.framework */ = {isa = PBXFileReference; lastKnownFileType = wrapper.framework; name = RxBlocking.framework; path = Carthage/Build/iOS/RxBlocking.framework; sourceTree = "<group>"; };
		DDA1B4AB23436A13000FF73C /* RxSwift.framework */ = {isa = PBXFileReference; lastKnownFileType = wrapper.framework; name = RxSwift.framework; path = Carthage/Build/iOS/RxSwift.framework; sourceTree = "<group>"; };
		DDA1B4AC23436A13000FF73C /* RxTest.framework */ = {isa = PBXFileReference; lastKnownFileType = wrapper.framework; name = RxTest.framework; path = Carthage/Build/iOS/RxTest.framework; sourceTree = "<group>"; };
		DDB20D092344BDAF00A50A76 /* ReduxStore.swift */ = {isa = PBXFileReference; fileEncoding = 4; lastKnownFileType = sourcecode.swift; path = ReduxStore.swift; sourceTree = "<group>"; };
		DDB20D0B2344BDFB00A50A76 /* NewsListStore.swift */ = {isa = PBXFileReference; lastKnownFileType = sourcecode.swift; path = NewsListStore.swift; sourceTree = "<group>"; };
		DDB20D0D2344BE1400A50A76 /* NewsListNameSpace.swift */ = {isa = PBXFileReference; lastKnownFileType = sourcecode.swift; path = NewsListNameSpace.swift; sourceTree = "<group>"; };
		DDB20D0F2344C2DB00A50A76 /* Action.swift */ = {isa = PBXFileReference; lastKnownFileType = sourcecode.swift; path = Action.swift; sourceTree = "<group>"; };
		DDB20D112344C76100A50A76 /* NewsListViewModel.swift */ = {isa = PBXFileReference; lastKnownFileType = sourcecode.swift; path = NewsListViewModel.swift; sourceTree = "<group>"; };
		DDB20D132344CA6C00A50A76 /* NewsListProps.swift */ = {isa = PBXFileReference; lastKnownFileType = sourcecode.swift; path = NewsListProps.swift; sourceTree = "<group>"; };
/* End PBXFileReference section */

/* Begin PBXFrameworksBuildPhase section */
		DD27355E23434F5B00607035 /* Frameworks */ = {
			isa = PBXFrameworksBuildPhase;
			buildActionMask = 2147483647;
			files = (
				DD32B1422343840000FC8C6B /* RxSwift.framework in Frameworks */,
				DD29117523439503009D56C8 /* Kingfisher.framework in Frameworks */,
				DD32B1492343840000FC8C6B /* RxMoya.framework in Frameworks */,
				DD32B13B2343840000FC8C6B /* Alamofire.framework in Frameworks */,
				DD32B13C2343840000FC8C6B /* Moya.framework in Frameworks */,
				DD32B1402343840000FC8C6B /* RxCocoa.framework in Frameworks */,
			);
			runOnlyForDeploymentPostprocessing = 0;
		};
/* End PBXFrameworksBuildPhase section */

/* Begin PBXGroup section */
		DD27355823434F5B00607035 = {
			isa = PBXGroup;
			children = (
				DD27356323434F5B00607035 /* ReduxTestTask */,
				DD27356223434F5B00607035 /* Products */,
				DDA1B4A723436A13000FF73C /* Frameworks */,
			);
			sourceTree = "<group>";
		};
		DD27356223434F5B00607035 /* Products */ = {
			isa = PBXGroup;
			children = (
				DD27356123434F5B00607035 /* ReduxTestTask.app */,
			);
			name = Products;
			sourceTree = "<group>";
		};
		DD27356323434F5B00607035 /* ReduxTestTask */ = {
			isa = PBXGroup;
			children = (
				DD2735772343519900607035 /* App */,
				DD2735782343519E00607035 /* Base */,
				DD2735762343517F00607035 /* Classes */,
				DD29116B23439349009D56C8 /* Library */,
				DD29115B234385D0009D56C8 /* Models */,
				DD27357B234351CA00607035 /* Networking */,
				DD273579234351A500607035 /* Resources */,
			);
			path = ReduxTestTask;
			sourceTree = "<group>";
		};
		DD2735762343517F00607035 /* Classes */ = {
			isa = PBXGroup;
			children = (
				DD2735842343521300607035 /* NewsList */,
			);
			path = Classes;
			sourceTree = "<group>";
		};
		DD2735772343519900607035 /* App */ = {
			isa = PBXGroup;
			children = (
				DD27356423434F5B00607035 /* AppDelegate.swift */,
			);
			path = App;
			sourceTree = "<group>";
		};
		DD2735782343519E00607035 /* Base */ = {
			isa = PBXGroup;
			children = (
				DD83BFF4234399810092338A /* Protocols */,
				DD291171234393B7009D56C8 /* Extensions */,
			);
			path = Base;
			sourceTree = "<group>";
		};
		DD273579234351A500607035 /* Resources */ = {
			isa = PBXGroup;
			children = (
				DD27357023434F5C00607035 /* Info.plist */,
				DD27356D23434F5C00607035 /* LaunchScreen.storyboard */,
				DD27356B23434F5C00607035 /* Assets.xcassets */,
				DD29116723438601009D56C8 /* AppConstants.swift */,
				DD29117623439540009D56C8 /* AppStrings.swift */,
			);
			path = Resources;
			sourceTree = "<group>";
		};
		DD27357B234351CA00607035 /* Networking */ = {
			isa = PBXGroup;
			children = (
				DD9987562343748D009593A1 /* NetworkService.swift */,
			);
			path = Networking;
			sourceTree = "<group>";
		};
		DD27357E2343520E00607035 /* TableViewCells */ = {
			isa = PBXGroup;
			children = (
				DD27357F2343520E00607035 /* NewsCell */,
			);
			path = TableViewCells;
			sourceTree = "<group>";
		};
		DD27357F2343520E00607035 /* NewsCell */ = {
			isa = PBXGroup;
			children = (
				DD2735802343520E00607035 /* NewsCell.swift */,
				DD2735812343520E00607035 /* NewsCell.xib */,
			);
			path = NewsCell;
			sourceTree = "<group>";
		};
		DD2735842343521300607035 /* NewsList */ = {
			isa = PBXGroup;
			children = (
				DDB20D0D2344BE1400A50A76 /* NewsListNameSpace.swift */,
				DDB20D082344B7D500A50A76 /* ViewModel */,
				DDB20D072344B7CE00A50A76 /* View */,
			);
			path = NewsList;
			sourceTree = "<group>";
		};
		DD29115B234385D0009D56C8 /* Models */ = {
			isa = PBXGroup;
			children = (
				DD29115C234385D0009D56C8 /* NetworkInfo */,
				DD29115E234385D0009D56C8 /* NetworkAtricle.swift */,
				DD29115F234385D0009D56C8 /* ImageType.swift */,
				DD291160234385D0009D56C8 /* ApiResponse.swift */,
				DD291161234385D0009D56C8 /* Article.swift */,
			);
			path = Models;
			sourceTree = "<group>";
		};
		DD29115C234385D0009D56C8 /* NetworkInfo */ = {
			isa = PBXGroup;
			children = (
				DD29115D234385D0009D56C8 /* NewsNetworkInfo.swift */,
			);
			path = NetworkInfo;
			sourceTree = "<group>";
		};
		DD29116B23439349009D56C8 /* Library */ = {
			isa = PBXGroup;
			children = (
				DDB20D092344BDAF00A50A76 /* ReduxStore.swift */,
				DDB20D0F2344C2DB00A50A76 /* Action.swift */,
			);
			path = Library;
			sourceTree = "<group>";
		};
		DD291171234393B7009D56C8 /* Extensions */ = {
			isa = PBXGroup;
			children = (
				DD291172234393ED009D56C8 /* FormatterExtensions.swift */,
				DD83BFF22343991E0092338A /* UITableViewExtensions.swift */,
			);
			path = Extensions;
			sourceTree = "<group>";
		};
		DD83BFF4234399810092338A /* Protocols */ = {
			isa = PBXGroup;
			children = (
				DD83BFF52343999D0092338A /* NibInitializable.swift */,
			);
			path = Protocols;
			sourceTree = "<group>";
		};
		DDA1B4A723436A13000FF73C /* Frameworks */ = {
			isa = PBXGroup;
			children = (
				DD29117423439503009D56C8 /* Kingfisher.framework */,
				DD32B14A234384E400FC8C6B /* XCTest.framework */,
				DD32B1452343840000FC8C6B /* ReactiveMoya.framework */,
				DD32B1442343840000FC8C6B /* RxAtomic.framework */,
				DD32B1462343840000FC8C6B /* RxMoya.framework */,
				DD32B139234382E400FC8C6B /* Moya.framework */,
				DD32B1372343798A00FC8C6B /* ReactiveSwift.framework */,
				DD32B1352343798500FC8C6B /* Result.framework */,
				DD99875423436EFD009593A1 /* Alamofire.framework */,
				DDA1B4AA23436A13000FF73C /* RxBlocking.framework */,
				DDA1B4A923436A13000FF73C /* RxCocoa.framework */,
				DDA1B4A823436A13000FF73C /* RxRelay.framework */,
				DDA1B4AB23436A13000FF73C /* RxSwift.framework */,
				DDA1B4AC23436A13000FF73C /* RxTest.framework */,
			);
			name = Frameworks;
			sourceTree = "<group>";
		};
		DDB20D072344B7CE00A50A76 /* View */ = {
			isa = PBXGroup;
			children = (
				DD27357E2343520E00607035 /* TableViewCells */,
				DD2735852343524800607035 /* NewsListController.swift */,
				DD83BFF02343969C0092338A /* NewsListView.swift */,
			);
			path = View;
			sourceTree = "<group>";
		};
		DDB20D082344B7D500A50A76 /* ViewModel */ = {
			isa = PBXGroup;
			children = (
				DDB20D0B2344BDFB00A50A76 /* NewsListStore.swift */,
				DDB20D112344C76100A50A76 /* NewsListViewModel.swift */,
				DDB20D132344CA6C00A50A76 /* NewsListProps.swift */,
			);
			path = ViewModel;
			sourceTree = "<group>";
		};
/* End PBXGroup section */

/* Begin PBXNativeTarget section */
		DD27356023434F5B00607035 /* ReduxTestTask */ = {
			isa = PBXNativeTarget;
			buildConfigurationList = DD27357323434F5C00607035 /* Build configuration list for PBXNativeTarget "ReduxTestTask" */;
			buildPhases = (
				DD27355D23434F5B00607035 /* Sources */,
				DD27355E23434F5B00607035 /* Frameworks */,
				DD27355F23434F5B00607035 /* Resources */,
				DDA1B4A62343677C000FF73C /* carthage */,
			);
			buildRules = (
			);
			dependencies = (
			);
			name = ReduxTestTask;
			productName = ReduxTestTask;
			productReference = DD27356123434F5B00607035 /* ReduxTestTask.app */;
			productType = "com.apple.product-type.application";
		};
/* End PBXNativeTarget section */

/* Begin PBXProject section */
		DD27355923434F5B00607035 /* Project object */ = {
			isa = PBXProject;
			attributes = {
				LastSwiftUpdateCheck = 1030;
				LastUpgradeCheck = 1030;
				ORGANIZATIONNAME = "Polina Hill";
				TargetAttributes = {
					DD27356023434F5B00607035 = {
						CreatedOnToolsVersion = 10.3;
					};
				};
			};
			buildConfigurationList = DD27355C23434F5B00607035 /* Build configuration list for PBXProject "ReduxTestTask" */;
			compatibilityVersion = "Xcode 9.3";
			developmentRegion = en;
			hasScannedForEncodings = 0;
			knownRegions = (
				en,
				Base,
			);
			mainGroup = DD27355823434F5B00607035;
			productRefGroup = DD27356223434F5B00607035 /* Products */;
			projectDirPath = "";
			projectRoot = "";
			targets = (
				DD27356023434F5B00607035 /* ReduxTestTask */,
			);
		};
/* End PBXProject section */

/* Begin PBXResourcesBuildPhase section */
		DD27355F23434F5B00607035 /* Resources */ = {
			isa = PBXResourcesBuildPhase;
			buildActionMask = 2147483647;
			files = (
				DD2735832343520E00607035 /* NewsCell.xib in Resources */,
				DD27356F23434F5C00607035 /* LaunchScreen.storyboard in Resources */,
				DD27356C23434F5C00607035 /* Assets.xcassets in Resources */,
			);
			runOnlyForDeploymentPostprocessing = 0;
		};
/* End PBXResourcesBuildPhase section */

/* Begin PBXShellScriptBuildPhase section */
		DDA1B4A62343677C000FF73C /* carthage */ = {
			isa = PBXShellScriptBuildPhase;
			buildActionMask = 2147483647;
			files = (
			);
			inputFileListPaths = (
			);
			inputPaths = (
				"$(SRCROOT)/Carthage/Build/iOS/RxSwift.framework",
				"$(SRCROOT)/Carthage/Build/iOS/RxCocoa.framework",
				"$(SRCROOT)/Carthage/Build/iOS/Alamofire.framework",
				"$(SRCROOT)/Carthage/Build/iOS/Moya.framework",
				"$(SRCROOT)/Carthage/Build/iOS/RxMoya.framework",
				"$(SRCROOT)/Carthage/Build/iOS/Kingfisher.framework",
				"$(SRCROOT)/Carthage/Build/iOS/RxRelay.framework",
				"$(SRCROOT)/Carthage/Build/iOS/RxAtomic.framework",
				"$(SRCROOT)/Carthage/Build/iOS/Result.framework",
			);
			name = carthage;
			outputFileListPaths = (
			);
			outputPaths = (
				"$(BUILT_PRODUCTS_DIR)/$(FRAMEWORKS_FOLDER_PATH)/RxSwift.framework",
				"$(BUILT_PRODUCTS_DIR)/$(FRAMEWORKS_FOLDER_PATH)/RxCocoa.framework",
				"$(BUILT_PRODUCTS_DIR)/$(FRAMEWORKS_FOLDER_PATH)/Alamofire.framework",
				"$(BUILT_PRODUCTS_DIR)/$(FRAMEWORKS_FOLDER_PATH)/Moya.framework",
				"$(BUILT_PRODUCTS_DIR)/$(FRAMEWORKS_FOLDER_PATH)/RxMoya.framework",
				"$(BUILT_PRODUCTS_DIR)/$(FRAMEWORKS_FOLDER_PATH)/Kingfisher.framework",
				"$(BUILT_PRODUCTS_DIR)/$(FRAMEWORKS_FOLDER_PATH)/RxRelay.framework",
				"$(BUILT_PRODUCTS_DIR)/$(FRAMEWORKS_FOLDER_PATH)/RxAtomic.framework",
				"$(BUILT_PRODUCTS_DIR)/$(FRAMEWORKS_FOLDER_PATH)/Result.framework",
			);
			runOnlyForDeploymentPostprocessing = 0;
			shellPath = /bin/sh;
			shellScript = "/usr/local/bin/carthage copy-frameworks\n";
			showEnvVarsInLog = 0;
		};
/* End PBXShellScriptBuildPhase section */

/* Begin PBXSourcesBuildPhase section */
		DD27355D23434F5B00607035 /* Sources */ = {
			isa = PBXSourcesBuildPhase;
			buildActionMask = 2147483647;
			files = (
				DDB20D0A2344BDAF00A50A76 /* ReduxStore.swift in Sources */,
				DDB20D102344C2DB00A50A76 /* Action.swift in Sources */,
				DD291162234385D0009D56C8 /* NewsNetworkInfo.swift in Sources */,
				DD2735862343524800607035 /* NewsListController.swift in Sources */,
				DD291166234385D0009D56C8 /* Article.swift in Sources */,
				DD2735822343520E00607035 /* NewsCell.swift in Sources */,
				DD9987572343748D009593A1 /* NetworkService.swift in Sources */,
				DDB20D122344C76100A50A76 /* NewsListViewModel.swift in Sources */,
				DDB20D0E2344BE1400A50A76 /* NewsListNameSpace.swift in Sources */,
				DD83BFF12343969C0092338A /* NewsListView.swift in Sources */,
				DD291164234385D0009D56C8 /* ImageType.swift in Sources */,
				DDB20D0C2344BDFB00A50A76 /* NewsListStore.swift in Sources */,
				DD83BFF32343991E0092338A /* UITableViewExtensions.swift in Sources */,
				DD29117723439540009D56C8 /* AppStrings.swift in Sources */,
				DDB20D142344CA6C00A50A76 /* NewsListProps.swift in Sources */,
				DD83BFF62343999D0092338A /* NibInitializable.swift in Sources */,
				DD291173234393ED009D56C8 /* FormatterExtensions.swift in Sources */,
				DD291165234385D0009D56C8 /* ApiResponse.swift in Sources */,
				DD27356523434F5B00607035 /* AppDelegate.swift in Sources */,
				DD291163234385D0009D56C8 /* NetworkAtricle.swift in Sources */,
				DD29116823438601009D56C8 /* AppConstants.swift in Sources */,
			);
			runOnlyForDeploymentPostprocessing = 0;
		};
/* End PBXSourcesBuildPhase section */

/* Begin PBXVariantGroup section */
		DD27356D23434F5C00607035 /* LaunchScreen.storyboard */ = {
			isa = PBXVariantGroup;
			children = (
				DD27356E23434F5C00607035 /* Base */,
			);
			name = LaunchScreen.storyboard;
			sourceTree = "<group>";
		};
/* End PBXVariantGroup section */

/* Begin XCBuildConfiguration section */
		DD27357123434F5C00607035 /* Debug */ = {
			isa = XCBuildConfiguration;
			buildSettings = {
				ALWAYS_SEARCH_USER_PATHS = NO;
				CLANG_ANALYZER_NONNULL = YES;
				CLANG_ANALYZER_NUMBER_OBJECT_CONVERSION = YES_AGGRESSIVE;
				CLANG_CXX_LANGUAGE_STANDARD = "gnu++14";
				CLANG_CXX_LIBRARY = "libc++";
				CLANG_ENABLE_MODULES = YES;
				CLANG_ENABLE_OBJC_ARC = YES;
				CLANG_ENABLE_OBJC_WEAK = YES;
				CLANG_WARN_BLOCK_CAPTURE_AUTORELEASING = YES;
				CLANG_WARN_BOOL_CONVERSION = YES;
				CLANG_WARN_COMMA = YES;
				CLANG_WARN_CONSTANT_CONVERSION = YES;
				CLANG_WARN_DEPRECATED_OBJC_IMPLEMENTATIONS = YES;
				CLANG_WARN_DIRECT_OBJC_ISA_USAGE = YES_ERROR;
				CLANG_WARN_DOCUMENTATION_COMMENTS = YES;
				CLANG_WARN_EMPTY_BODY = YES;
				CLANG_WARN_ENUM_CONVERSION = YES;
				CLANG_WARN_INFINITE_RECURSION = YES;
				CLANG_WARN_INT_CONVERSION = YES;
				CLANG_WARN_NON_LITERAL_NULL_CONVERSION = YES;
				CLANG_WARN_OBJC_IMPLICIT_RETAIN_SELF = YES;
				CLANG_WARN_OBJC_LITERAL_CONVERSION = YES;
				CLANG_WARN_OBJC_ROOT_CLASS = YES_ERROR;
				CLANG_WARN_RANGE_LOOP_ANALYSIS = YES;
				CLANG_WARN_STRICT_PROTOTYPES = YES;
				CLANG_WARN_SUSPICIOUS_MOVE = YES;
				CLANG_WARN_UNGUARDED_AVAILABILITY = YES_AGGRESSIVE;
				CLANG_WARN_UNREACHABLE_CODE = YES;
				CLANG_WARN__DUPLICATE_METHOD_MATCH = YES;
				CODE_SIGN_IDENTITY = "iPhone Developer";
				COPY_PHASE_STRIP = NO;
				DEBUG_INFORMATION_FORMAT = dwarf;
				ENABLE_STRICT_OBJC_MSGSEND = YES;
				ENABLE_TESTABILITY = YES;
				GCC_C_LANGUAGE_STANDARD = gnu11;
				GCC_DYNAMIC_NO_PIC = NO;
				GCC_NO_COMMON_BLOCKS = YES;
				GCC_OPTIMIZATION_LEVEL = 0;
				GCC_PREPROCESSOR_DEFINITIONS = (
					"DEBUG=1",
					"$(inherited)",
				);
				GCC_WARN_64_TO_32_BIT_CONVERSION = YES;
				GCC_WARN_ABOUT_RETURN_TYPE = YES_ERROR;
				GCC_WARN_UNDECLARED_SELECTOR = YES;
				GCC_WARN_UNINITIALIZED_AUTOS = YES_AGGRESSIVE;
				GCC_WARN_UNUSED_FUNCTION = YES;
				GCC_WARN_UNUSED_VARIABLE = YES;
				IPHONEOS_DEPLOYMENT_TARGET = 12.4;
				MTL_ENABLE_DEBUG_INFO = INCLUDE_SOURCE;
				MTL_FAST_MATH = YES;
				ONLY_ACTIVE_ARCH = YES;
				SDKROOT = iphoneos;
				SWIFT_ACTIVE_COMPILATION_CONDITIONS = DEBUG;
				SWIFT_OPTIMIZATION_LEVEL = "-Onone";
			};
			name = Debug;
		};
		DD27357223434F5C00607035 /* Release */ = {
			isa = XCBuildConfiguration;
			buildSettings = {
				ALWAYS_SEARCH_USER_PATHS = NO;
				CLANG_ANALYZER_NONNULL = YES;
				CLANG_ANALYZER_NUMBER_OBJECT_CONVERSION = YES_AGGRESSIVE;
				CLANG_CXX_LANGUAGE_STANDARD = "gnu++14";
				CLANG_CXX_LIBRARY = "libc++";
				CLANG_ENABLE_MODULES = YES;
				CLANG_ENABLE_OBJC_ARC = YES;
				CLANG_ENABLE_OBJC_WEAK = YES;
				CLANG_WARN_BLOCK_CAPTURE_AUTORELEASING = YES;
				CLANG_WARN_BOOL_CONVERSION = YES;
				CLANG_WARN_COMMA = YES;
				CLANG_WARN_CONSTANT_CONVERSION = YES;
				CLANG_WARN_DEPRECATED_OBJC_IMPLEMENTATIONS = YES;
				CLANG_WARN_DIRECT_OBJC_ISA_USAGE = YES_ERROR;
				CLANG_WARN_DOCUMENTATION_COMMENTS = YES;
				CLANG_WARN_EMPTY_BODY = YES;
				CLANG_WARN_ENUM_CONVERSION = YES;
				CLANG_WARN_INFINITE_RECURSION = YES;
				CLANG_WARN_INT_CONVERSION = YES;
				CLANG_WARN_NON_LITERAL_NULL_CONVERSION = YES;
				CLANG_WARN_OBJC_IMPLICIT_RETAIN_SELF = YES;
				CLANG_WARN_OBJC_LITERAL_CONVERSION = YES;
				CLANG_WARN_OBJC_ROOT_CLASS = YES_ERROR;
				CLANG_WARN_RANGE_LOOP_ANALYSIS = YES;
				CLANG_WARN_STRICT_PROTOTYPES = YES;
				CLANG_WARN_SUSPICIOUS_MOVE = YES;
				CLANG_WARN_UNGUARDED_AVAILABILITY = YES_AGGRESSIVE;
				CLANG_WARN_UNREACHABLE_CODE = YES;
				CLANG_WARN__DUPLICATE_METHOD_MATCH = YES;
				CODE_SIGN_IDENTITY = "iPhone Developer";
				COPY_PHASE_STRIP = NO;
				DEBUG_INFORMATION_FORMAT = "dwarf-with-dsym";
				ENABLE_NS_ASSERTIONS = NO;
				ENABLE_STRICT_OBJC_MSGSEND = YES;
				GCC_C_LANGUAGE_STANDARD = gnu11;
				GCC_NO_COMMON_BLOCKS = YES;
				GCC_WARN_64_TO_32_BIT_CONVERSION = YES;
				GCC_WARN_ABOUT_RETURN_TYPE = YES_ERROR;
				GCC_WARN_UNDECLARED_SELECTOR = YES;
				GCC_WARN_UNINITIALIZED_AUTOS = YES_AGGRESSIVE;
				GCC_WARN_UNUSED_FUNCTION = YES;
				GCC_WARN_UNUSED_VARIABLE = YES;
				IPHONEOS_DEPLOYMENT_TARGET = 12.4;
				MTL_ENABLE_DEBUG_INFO = NO;
				MTL_FAST_MATH = YES;
				SDKROOT = iphoneos;
				SWIFT_COMPILATION_MODE = wholemodule;
				SWIFT_OPTIMIZATION_LEVEL = "-O";
				VALIDATE_PRODUCT = YES;
			};
			name = Release;
		};
		DD27357423434F5C00607035 /* Debug */ = {
			isa = XCBuildConfiguration;
			buildSettings = {
				ASSETCATALOG_COMPILER_APPICON_NAME = AppIcon;
				CODE_SIGN_STYLE = Automatic;
				DEVELOPMENT_TEAM = 6QJD9S5LP3;
				FRAMEWORK_SEARCH_PATHS = (
					"$(inherited)",
					"$(PROJECT_DIR)/Carthage/Build/iOS",
				);
				INFOPLIST_FILE = "$(SRCROOT)/ReduxTestTask/Resources/Info.plist";
				LD_RUNPATH_SEARCH_PATHS = (
					"$(inherited)",
					"@executable_path/Frameworks",
				);
				PRODUCT_BUNDLE_IDENTIFIER = com.polina.ReduxTestTask;
				PRODUCT_NAME = "$(TARGET_NAME)";
				SWIFT_VERSION = 5.0;
				TARGETED_DEVICE_FAMILY = 1;
			};
			name = Debug;
		};
		DD27357523434F5C00607035 /* Release */ = {
			isa = XCBuildConfiguration;
			buildSettings = {
				ASSETCATALOG_COMPILER_APPICON_NAME = AppIcon;
				CODE_SIGN_STYLE = Automatic;
				DEVELOPMENT_TEAM = 6QJD9S5LP3;
				FRAMEWORK_SEARCH_PATHS = (
					"$(inherited)",
					"$(PROJECT_DIR)/Carthage/Build/iOS",
				);
				INFOPLIST_FILE = "$(SRCROOT)/ReduxTestTask/Resources/Info.plist";
				LD_RUNPATH_SEARCH_PATHS = (
					"$(inherited)",
					"@executable_path/Frameworks",
				);
				PRODUCT_BUNDLE_IDENTIFIER = com.polina.ReduxTestTask;
				PRODUCT_NAME = "$(TARGET_NAME)";
				SWIFT_VERSION = 5.0;
				TARGETED_DEVICE_FAMILY = 1;
			};
			name = Release;
		};
/* End XCBuildConfiguration section */

/* Begin XCConfigurationList section */
		DD27355C23434F5B00607035 /* Build configuration list for PBXProject "ReduxTestTask" */ = {
			isa = XCConfigurationList;
			buildConfigurations = (
				DD27357123434F5C00607035 /* Debug */,
				DD27357223434F5C00607035 /* Release */,
			);
			defaultConfigurationIsVisible = 0;
			defaultConfigurationName = Release;
		};
		DD27357323434F5C00607035 /* Build configuration list for PBXNativeTarget "ReduxTestTask" */ = {
			isa = XCConfigurationList;
			buildConfigurations = (
				DD27357423434F5C00607035 /* Debug */,
				DD27357523434F5C00607035 /* Release */,
			);
			defaultConfigurationIsVisible = 0;
			defaultConfigurationName = Release;
		};
/* End XCConfigurationList section */
	};
	rootObject = DD27355923434F5B00607035 /* Project object */;
}
